github.com/andybalholm/brotli v1.0.5 h1:8uQZIdzKmjc/iuPu7O2ioW48L81FgatrcpfFmiq/cCs=
github.com/andybalholm/brotli v1.0.5/go.mod h1:fO7iG3H7G2nSZ7m0zPUDn85XEX2GTukHGRSepvi9Eig=
github.com/davecgh/go-spew v1.1.1 h1:vj9j/u1bqnvCEfJOwUhtlOARqs3+rkHYY13jYWTU97c=
github.com/fasthttp/router v1.4.18 h1:elMnlFq527oZd8MHsuUpO6uLDup1exv8rXPfIjClDHk=
github.com/fasthttp/router v1.4.18/go.mod h1:ZmC20Mn0VgCBbUWFDmnYzFbQYRfdGeKgpkBy0+JioKA=
github.com/go-rod/rod v0.113.0 h1:E7+GLjYVZnScewIB2u8+66joQLaDGbOLzSOT4orNHms=
github.com/go-rod/rod v0.113.0/go.mod h1:aiedSEFg5DwG/fnNbUOTPMTTWX3MRj6vIs/a684Mthw=
github.com/goccy/go-json v0.10.2 h1:CrxCmQqYDkv1z7lO7Wbh2HN93uovUHgrECaO5ZrCXAU=
github.com/goccy/go-json v0.10.2/go.mod h1:6MelG93GURQebXPDq3khkgXZkazVtN9CRI+MGFi0w8I=
github.com/golang/mock v1.6.0 h1:ErTB+efbowRARo13NNdxyJji2egdxLGQhRaY+DUumQc=
github.com/klauspost/compress v1.16.5 h1:IFV2oUNUzZaz+XyusxpLzpzS8Pt5rh0Z16For/djlyI=
github.com/klauspost/compress v1.16.5/go.mod h1:ntbaceVETuRiXiv4DpjP66DpAtAGkEQskQzEyD//IeE=
github.com/mymmrac/telego v0.24.0 h1:0fd+v2/dToL6/DtsnWr+2saK7ZxIgLY+LI9kqJQbPEo=
github.com/mymmrac/telego v0.24.0/go.mod h1:y557P/iMHSaOVDi5Nmy1gNelqrw+jaBMvP9guPaNJsQ=
github.com/pmezard/go-difflib v1.0.0 h1:4DBwDE0NGyQoBHbLQYPwSUPoCMWR5BEzIk/f1lZbAQM=
github.com/savsgio/gotils v0.0.0-20230208104028-c358bd845dee h1:8Iv5m6xEo1NR1AvpV+7XmhI4r39LGNzwUL4YpMuL5vk=
github.com/savsgio/gotils v0.0.0-20230208104028-c358bd845dee/go.mod h1:qwtSXrKuJh/zsFQ12yEE89xfCrGKK63Rr7ctU/uCo4g=
github.com/stretchr/testify v1.8.2 h1:+h33VjcLVPDHtOdpUCuF+7gSuG3yGIftsP1YvFihtJ8=
github.com/valyala/bytebufferpool v1.0.0 h1:GqA5TC/0021Y/b9FG4Oi9Mr3q7XYx6KllzawFIhcdPw=
github.com/valyala/bytebufferpool v1.0.0/go.mod h1:6bBcMArwyJ5K/AmCkWv1jt77kVWyCJ6HpOuEn7z0Csc=
github.com/valyala/fasthttp v1.47.0 h1:y7moDoxYzMooFpT5aHgNgVOQDrS3qlkfiP9mDtGGK9c=
github.com/valyala/fasthttp v1.47.0/go.mod h1:k2zXd82h/7UZc3VOdJ2WaUqt1uZ/XpXAfE9i+HBC3lA=
github.com/xlab/closer v1.1.0 h1:yrDiOXjd/B7pZ3lZkl/EZ1gWrR2M2N5XpBnixynm4mc=
github.com/xlab/closer v1.1.0/go.mod h1:Ff8YcUPbn5jju6nClrMCmJHQABM0S/obEK0za/1yVMk=
github.com/ysmood/fetchup v0.2.3 h1:ulX+SonA0Vma5zUFXtv52Kzip/xe7aj4vqT5AJwQ+ZQ=
github.com/ysmood/fetchup v0.2.3/go.mod h1:xhibcRKziSvol0H1/pj33dnKrYyI2ebIvz5cOOkYGns=
github.com/ysmood/goob v0.4.0 h1:HsxXhyLBeGzWXnqVKtmT9qM7EuVs/XOgkX7T6r1o1AQ=
github.com/ysmood/goob v0.4.0/go.mod h1:u6yx7ZhS4Exf2MwciFr6nIM8knHQIE22lFpWHnfql18=
github.com/ysmood/gop v0.0.2 h1:VuWweTmXK+zedLqYufJdh3PlxDNBOfFHjIZlPT2T5nw=
github.com/ysmood/gop v0.0.2/go.mod h1:rr5z2z27oGEbyB787hpEcx4ab8cCiPnKxn0SUHt6xzk=
github.com/ysmood/got v0.34.1 h1:IrV2uWLs45VXNvZqhJ6g2nIhY+pgIG1CUoOcqfXFl1s=
github.com/ysmood/got v0.34.1/go.mod h1:yddyjq/PmAf08RMLSwDjPyCvHvYed+WjHnQxpH851LM=
github.com/ysmood/gotrace v0.6.0 h1:SyI1d4jclswLhg7SWTL6os3L1WOKeNn/ZtzVQF8QmdY=
github.com/ysmood/gotrace v0.6.0/go.mod h1:TzhIG7nHDry5//eYZDYcTzuJLYQIkykJzCRIo4/dzQM=
github.com/ysmood/gson v0.7.3 h1:QFkWbTH8MxyUTKPkVWAENJhxqdBa4lYTQWqZCiLG6kE=
github.com/ysmood/gson v0.7.3/go.mod h1:3Kzs5zDl21g5F/BlLTNcuAGAYLKt2lV5G8D1zF3RNmg=
github.com/ysmood/leakless v0.8.0 h1:BzLrVoiwxikpgEQR0Lk8NyBN5Cit2b1z+u0mgL4ZJak=
github.com/ysmood/leakless v0.8.0/go.mod h1:R8iAXPRaG97QJwqxs74RdwzcRHT1SWCGTNqY8q0JvMQ=
gopkg.in/yaml.v3 v3.0.1 h1:fxVm/GzAzEWqLHuvctI91KS9hhNmmWOoWu0XTYJS7CA=
